
Microsoft Visual Studio Solution File, Format Version 12.00
# Visual Studio 15
Project("{FAE04EC0-301F-11D3-BF4B-00C04F79EFBC}") = "Unity.AI.Navigation.Samples", "Unity.AI.Navigation.Samples.csproj", "{FBFD7180-74C0-7E90-4B10-24AA1D0E5164}"
EndProject
Project("{FAE04EC0-301F-11D3-BF4B-00C04F79EFBC}") = "Assembly-CSharp", "Assembly-CSharp.csproj", "{4EDC07C1-B669-5FF7-63D6-9DD835853E70}"
EndProject
Project("{FAE04EC0-301F-11D3-BF4B-00C04F79EFBC}") = "UniHumanoid", "UniHumanoid.csproj", "{25B72F04-4F86-99A6-9B87-94182E555E01}"
EndProject
Project("{FAE04EC0-301F-11D3-BF4B-00C04F79EFBC}") = "VRM10.Editor", "VRM10.Editor.csproj", "{125C05F8-9380-0531-E8B5-95A87EF15EB8}"
EndProject
Project("{FAE04EC0-301F-11D3-BF4B-00C04F79EFBC}") = "Assembly-CSharp-Editor", "Assembly-CSharp-Editor.csproj", "{77AB39B2-9B1D-7E09-E985-F7894FF8DA07}"
EndProject
Project("{FAE04EC0-301F-11D3-BF4B-00C04F79EFBC}") = "VRM10", "VRM10.csproj", "{80D98399-FC14-54A4-770B-770969F687BA}"
EndProject
Project("{FAE04EC0-301F-11D3-BF4B-00C04F79EFBC}") = "UniGLTF", "UniGLTF.csproj", "{B8A66C32-81B8-1EA6-16FF-09BE097496A0}"
EndProject
Project("{FAE04EC0-301F-11D3-BF4B-00C04F79EFBC}") = "VRMShaders.GLTF.IO.Editor", "VRMShaders.GLTF.IO.Editor.csproj", "{6DD8674B-053E-EE50-97EF-35B57886ACCA}"
EndProject
Project("{FAE04EC0-301F-11D3-BF4B-00C04F79EFBC}") = "VRMShaders.GLTF.IO.Tests", "VRMShaders.GLTF.IO.Tests.csproj", "{0549C29B-F358-53F3-6B3C-B20A9AF75FA3}"
EndProject
Project("{FAE04EC0-301F-11D3-BF4B-00C04F79EFBC}") = "Assembly-CSharp-firstpass", "Assembly-CSharp-firstpass.csproj", "{905ECE47-C4C6-D0DB-A737-1049AADC4F78}"
EndProject
Project("{FAE04EC0-301F-11D3-BF4B-00C04F79EFBC}") = "UniGLTF.Editor", "UniGLTF.Editor.csproj", "{4EEBA266-1F73-06FA-1E2F-D6D38A70D7FC}"
EndProject
Project("{FAE04EC0-301F-11D3-BF4B-00C04F79EFBC}") = "VRMShaders.VRM10.MToon10.Runtime", "VRMShaders.VRM10.MToon10.Runtime.csproj", "{A860DCB8-92DB-6D11-6FED-DECAB1519C42}"
EndProject
Project("{FAE04EC0-301F-11D3-BF4B-00C04F79EFBC}") = "CommonScripts", "CommonScripts.csproj", "{D51AF911-3120-D1AD-1E64-D8F9A133E937}"
EndProject
Project("{FAE04EC0-301F-11D3-BF4B-00C04F79EFBC}") = "MToon", "MToon.csproj", "{A1EBC098-7728-758E-4E55-12369C25D9F2}"
EndProject
Project("{FAE04EC0-301F-11D3-BF4B-00C04F79EFBC}") = "VrmLibTests", "VrmLibTests.csproj", "{49C99B8F-AAA1-B5F7-640F-70E93BF35245}"
EndProject
Project("{FAE04EC0-301F-11D3-BF4B-00C04F79EFBC}") = "VrmLib", "VrmLib.csproj", "{691D02AA-3965-7D04-B5D6-E4C6E53D4010}"
EndProject
Project("{FAE04EC0-301F-11D3-BF4B-00C04F79EFBC}") = "VRMShaders.GLTF.IO.Runtime", "VRMShaders.GLTF.IO.Runtime.csproj", "{83B10AF0-2FFF-557D-EEC7-1443F0B90614}"
EndProject
Project("{FAE04EC0-301F-11D3-BF4B-00C04F79EFBC}") = "Unity.AI.Navigation.Samples.Initialization.Editor", "Unity.AI.Navigation.Samples.Initialization.Editor.csproj", "{074AA0B1-2CCE-2A3C-5E73-AC5BCA5D0BEB}"
EndProject
Project("{FAE04EC0-301F-11D3-BF4B-00C04F79EFBC}") = "UniGLTF.Tests", "UniGLTF.Tests.csproj", "{5D350513-B6BD-BE50-D566-EE60F87D1711}"
EndProject
Project("{FAE04EC0-301F-11D3-BF4B-00C04F79EFBC}") = "VFXCore", "VFXCore.csproj", "{C6934088-6C63-79C1-C581-599B4EF20A0B}"
EndProject
Project("{FAE04EC0-301F-11D3-BF4B-00C04F79EFBC}") = "CommonEditor", "CommonEditor.csproj", "{038161C3-9EB2-F1D0-A1BE-4411617A819F}"
EndProject
Project("{FAE04EC0-301F-11D3-BF4B-00C04F79EFBC}") = "FastSpringBone10", "FastSpringBone10.csproj", "{80E5014C-4531-2A54-B1DC-61051B270F95}"
EndProject
Project("{FAE04EC0-301F-11D3-BF4B-00C04F79EFBC}") = "UniGLTF.Utils", "UniGLTF.Utils.csproj", "{3C092B4E-90F7-2A72-1C9F-EABA84A2B257}"
EndProject
Project("{FAE04EC0-301F-11D3-BF4B-00C04F79EFBC}") = "VRMShaders.VRM10.MToon10.Tests", "VRMShaders.VRM10.MToon10.Tests.csproj", "{719C6E6D-47E0-7107-6B4E-41E93BD06C70}"
EndProject
Project("{FAE04EC0-301F-11D3-BF4B-00C04F79EFBC}") = "SamplesScripts", "SamplesScripts.csproj", "{914494D6-CDBD-9D51-0B29-48B8250005A7}"
EndProject
Project("{FAE04EC0-301F-11D3-BF4B-00C04F79EFBC}") = "VRMShaders.VRM.IO.Runtime", "VRMShaders.VRM.IO.Runtime.csproj", "{9205975C-888D-E215-8472-F0D212A74FBE}"
EndProject
Project("{FAE04EC0-301F-11D3-BF4B-00C04F79EFBC}") = "MToon.Editor", "MToon.Editor.csproj", "{7B982208-F5E2-2CC4-34B1-B6D05037E162}"
EndProject
Project("{FAE04EC0-301F-11D3-BF4B-00C04F79EFBC}") = "UniHumanoid.Editor", "UniHumanoid.Editor.csproj", "{F11B166E-6B7D-E58F-26EB-7E2E77A00A33}"
EndProject
Project("{FAE04EC0-301F-11D3-BF4B-00C04F79EFBC}") = "VRMShaders.VRM10.Format.Runtime", "VRMShaders.VRM10.Format.Runtime.csproj", "{0BFF4962-F288-0D83-2ADB-6DD2F6D2F20C}"
EndProject
Project("{FAE04EC0-301F-11D3-BF4B-00C04F79EFBC}") = "VRM10.Tests", "VRM10.Tests.csproj", "{F147C747-071A-1850-2823-B0BDB936F954}"
EndProject
Project("{FAE04EC0-301F-11D3-BF4B-00C04F79EFBC}") = "VuforiaVersionCheckerScripts", "VuforiaVersionCheckerScripts.csproj", "{65672604-AB56-066F-6BE3-5C974DB57317}"
EndProject
Project("{FAE04EC0-301F-11D3-BF4B-00C04F79EFBC}") = "VRMShaders.GLTF.UniUnlit.Runtime", "VRMShaders.GLTF.UniUnlit.Runtime.csproj", "{F5EB9D8B-8DDB-7EAE-BCF9-030353EBD57C}"
EndProject
Project("{FAE04EC0-301F-11D3-BF4B-00C04F79EFBC}") = "VRMShaders.VRM10.MToon10.Editor", "VRMShaders.VRM10.MToon10.Editor.csproj", "{1DAA10B2-BDA4-44FD-179F-1E658DE2D320}"
EndProject
Project("{FAE04EC0-301F-11D3-BF4B-00C04F79EFBC}") = "VRMShaders.GLTF.UniUnlit.Editor", "VRMShaders.GLTF.UniUnlit.Editor.csproj", "{A9BF1AE6-F6D5-F8C4-6B9A-5A8A2169756B}"
EndProject
Project("{FAE04EC0-301F-11D3-BF4B-00C04F79EFBC}") = "UniHumanoid.Editor.Tests", "UniHumanoid.Editor.Tests.csproj", "{65D5924D-DA81-A623-0F5A-4D18C721EED4}"
EndProject
Global
	GlobalSection(SolutionConfigurationPlatforms) = preSolution
		Debug|Any CPU = Debug|Any CPU
		Release|Any CPU = Release|Any CPU
	EndGlobalSection
	GlobalSection(ProjectConfigurationPlatforms) = postSolution
		{FBFD7180-74C0-7E90-4B10-24AA1D0E5164}.Debug|Any CPU.ActiveCfg = Debug|Any CPU
		{FBFD7180-74C0-7E90-4B10-24AA1D0E5164}.Debug|Any CPU.Build.0 = Debug|Any CPU
		{FBFD7180-74C0-7E90-4B10-24AA1D0E5164}.Release|Any CPU.ActiveCfg = Release|Any CPU
		{FBFD7180-74C0-7E90-4B10-24AA1D0E5164}.Release|Any CPU.Build.0 = Release|Any CPU
		{4EDC07C1-B669-5FF7-63D6-9DD835853E70}.Debug|Any CPU.ActiveCfg = Debug|Any CPU
		{4EDC07C1-B669-5FF7-63D6-9DD835853E70}.Debug|Any CPU.Build.0 = Debug|Any CPU
		{4EDC07C1-B669-5FF7-63D6-9DD835853E70}.Release|Any CPU.ActiveCfg = Release|Any CPU
		{4EDC07C1-B669-5FF7-63D6-9DD835853E70}.Release|Any CPU.Build.0 = Release|Any CPU
		{25B72F04-4F86-99A6-9B87-94182E555E01}.Debug|Any CPU.ActiveCfg = Debug|Any CPU
		{25B72F04-4F86-99A6-9B87-94182E555E01}.Debug|Any CPU.Build.0 = Debug|Any CPU
		{25B72F04-4F86-99A6-9B87-94182E555E01}.Release|Any CPU.ActiveCfg = Release|Any CPU
		{25B72F04-4F86-99A6-9B87-94182E555E01}.Release|Any CPU.Build.0 = Release|Any CPU
		{125C05F8-9380-0531-E8B5-95A87EF15EB8}.Debug|Any CPU.ActiveCfg = Debug|Any CPU
		{125C05F8-9380-0531-E8B5-95A87EF15EB8}.Debug|Any CPU.Build.0 = Debug|Any CPU
		{125C05F8-9380-0531-E8B5-95A87EF15EB8}.Release|Any CPU.ActiveCfg = Release|Any CPU
		{125C05F8-9380-0531-E8B5-95A87EF15EB8}.Release|Any CPU.Build.0 = Release|Any CPU
		{77AB39B2-9B1D-7E09-E985-F7894FF8DA07}.Debug|Any CPU.ActiveCfg = Debug|Any CPU
		{77AB39B2-9B1D-7E09-E985-F7894FF8DA07}.Debug|Any CPU.Build.0 = Debug|Any CPU
		{77AB39B2-9B1D-7E09-E985-F7894FF8DA07}.Release|Any CPU.ActiveCfg = Release|Any CPU
		{77AB39B2-9B1D-7E09-E985-F7894FF8DA07}.Release|Any CPU.Build.0 = Release|Any CPU
		{80D98399-FC14-54A4-770B-770969F687BA}.Debug|Any CPU.ActiveCfg = Debug|Any CPU
		{80D98399-FC14-54A4-770B-770969F687BA}.Debug|Any CPU.Build.0 = Debug|Any CPU
		{80D98399-FC14-54A4-770B-770969F687BA}.Release|Any CPU.ActiveCfg = Release|Any CPU
		{80D98399-FC14-54A4-770B-770969F687BA}.Release|Any CPU.Build.0 = Release|Any CPU
		{B8A66C32-81B8-1EA6-16FF-09BE097496A0}.Debug|Any CPU.ActiveCfg = Debug|Any CPU
		{B8A66C32-81B8-1EA6-16FF-09BE097496A0}.Debug|Any CPU.Build.0 = Debug|Any CPU
		{B8A66C32-81B8-1EA6-16FF-09BE097496A0}.Release|Any CPU.ActiveCfg = Release|Any CPU
		{B8A66C32-81B8-1EA6-16FF-09BE097496A0}.Release|Any CPU.Build.0 = Release|Any CPU
		{6DD8674B-053E-EE50-97EF-35B57886ACCA}.Debug|Any CPU.ActiveCfg = Debug|Any CPU
		{6DD8674B-053E-EE50-97EF-35B57886ACCA}.Debug|Any CPU.Build.0 = Debug|Any CPU
		{6DD8674B-053E-EE50-97EF-35B57886ACCA}.Release|Any CPU.ActiveCfg = Release|Any CPU
		{6DD8674B-053E-EE50-97EF-35B57886ACCA}.Release|Any CPU.Build.0 = Release|Any CPU
		{0549C29B-F358-53F3-6B3C-B20A9AF75FA3}.Debug|Any CPU.ActiveCfg = Debug|Any CPU
		{0549C29B-F358-53F3-6B3C-B20A9AF75FA3}.Debug|Any CPU.Build.0 = Debug|Any CPU
		{0549C29B-F358-53F3-6B3C-B20A9AF75FA3}.Release|Any CPU.ActiveCfg = Release|Any CPU
		{0549C29B-F358-53F3-6B3C-B20A9AF75FA3}.Release|Any CPU.Build.0 = Release|Any CPU
		{905ECE47-C4C6-D0DB-A737-1049AADC4F78}.Debug|Any CPU.ActiveCfg = Debug|Any CPU
		{905ECE47-C4C6-D0DB-A737-1049AADC4F78}.Debug|Any CPU.Build.0 = Debug|Any CPU
		{905ECE47-C4C6-D0DB-A737-1049AADC4F78}.Release|Any CPU.ActiveCfg = Release|Any CPU
		{905ECE47-C4C6-D0DB-A737-1049AADC4F78}.Release|Any CPU.Build.0 = Release|Any CPU
		{4EEBA266-1F73-06FA-1E2F-D6D38A70D7FC}.Debug|Any CPU.ActiveCfg = Debug|Any CPU
		{4EEBA266-1F73-06FA-1E2F-D6D38A70D7FC}.Debug|Any CPU.Build.0 = Debug|Any CPU
		{4EEBA266-1F73-06FA-1E2F-D6D38A70D7FC}.Release|Any CPU.ActiveCfg = Release|Any CPU
		{4EEBA266-1F73-06FA-1E2F-D6D38A70D7FC}.Release|Any CPU.Build.0 = Release|Any CPU
		{A860DCB8-92DB-6D11-6FED-DECAB1519C42}.Debug|Any CPU.ActiveCfg = Debug|Any CPU
		{A860DCB8-92DB-6D11-6FED-DECAB1519C42}.Debug|Any CPU.Build.0 = Debug|Any CPU
		{A860DCB8-92DB-6D11-6FED-DECAB1519C42}.Release|Any CPU.ActiveCfg = Release|Any CPU
		{A860DCB8-92DB-6D11-6FED-DECAB1519C42}.Release|Any CPU.Build.0 = Release|Any CPU
		{D51AF911-3120-D1AD-1E64-D8F9A133E937}.Debug|Any CPU.ActiveCfg = Debug|Any CPU
		{D51AF911-3120-D1AD-1E64-D8F9A133E937}.Debug|Any CPU.Build.0 = Debug|Any CPU
		{D51AF911-3120-D1AD-1E64-D8F9A133E937}.Release|Any CPU.ActiveCfg = Release|Any CPU
		{D51AF911-3120-D1AD-1E64-D8F9A133E937}.Release|Any CPU.Build.0 = Release|Any CPU
		{A1EBC098-7728-758E-4E55-12369C25D9F2}.Debug|Any CPU.ActiveCfg = Debug|Any CPU
		{A1EBC098-7728-758E-4E55-12369C25D9F2}.Debug|Any CPU.Build.0 = Debug|Any CPU
		{A1EBC098-7728-758E-4E55-12369C25D9F2}.Release|Any CPU.ActiveCfg = Release|Any CPU
		{A1EBC098-7728-758E-4E55-12369C25D9F2}.Release|Any CPU.Build.0 = Release|Any CPU
		{49C99B8F-AAA1-B5F7-640F-70E93BF35245}.Debug|Any CPU.ActiveCfg = Debug|Any CPU
		{49C99B8F-AAA1-B5F7-640F-70E93BF35245}.Debug|Any CPU.Build.0 = Debug|Any CPU
		{49C99B8F-AAA1-B5F7-640F-70E93BF35245}.Release|Any CPU.ActiveCfg = Release|Any CPU
		{49C99B8F-AAA1-B5F7-640F-70E93BF35245}.Release|Any CPU.Build.0 = Release|Any CPU
		{691D02AA-3965-7D04-B5D6-E4C6E53D4010}.Debug|Any CPU.ActiveCfg = Debug|Any CPU
		{691D02AA-3965-7D04-B5D6-E4C6E53D4010}.Debug|Any CPU.Build.0 = Debug|Any CPU
		{691D02AA-3965-7D04-B5D6-E4C6E53D4010}.Release|Any CPU.ActiveCfg = Release|Any CPU
		{691D02AA-3965-7D04-B5D6-E4C6E53D4010}.Release|Any CPU.Build.0 = Release|Any CPU
		{83B10AF0-2FFF-557D-EEC7-1443F0B90614}.Debug|Any CPU.ActiveCfg = Debug|Any CPU
		{83B10AF0-2FFF-557D-EEC7-1443F0B90614}.Debug|Any CPU.Build.0 = Debug|Any CPU
		{83B10AF0-2FFF-557D-EEC7-1443F0B90614}.Release|Any CPU.ActiveCfg = Release|Any CPU
		{83B10AF0-2FFF-557D-EEC7-1443F0B90614}.Release|Any CPU.Build.0 = Release|Any CPU
		{074AA0B1-2CCE-2A3C-5E73-AC5BCA5D0BEB}.Debug|Any CPU.ActiveCfg = Debug|Any CPU
		{074AA0B1-2CCE-2A3C-5E73-AC5BCA5D0BEB}.Debug|Any CPU.Build.0 = Debug|Any CPU
		{074AA0B1-2CCE-2A3C-5E73-AC5BCA5D0BEB}.Release|Any CPU.ActiveCfg = Release|Any CPU
		{074AA0B1-2CCE-2A3C-5E73-AC5BCA5D0BEB}.Release|Any CPU.Build.0 = Release|Any CPU
		{5D350513-B6BD-BE50-D566-EE60F87D1711}.Debug|Any CPU.ActiveCfg = Debug|Any CPU
		{5D350513-B6BD-BE50-D566-EE60F87D1711}.Debug|Any CPU.Build.0 = Debug|Any CPU
		{5D350513-B6BD-BE50-D566-EE60F87D1711}.Release|Any CPU.ActiveCfg = Release|Any CPU
		{5D350513-B6BD-BE50-D566-EE60F87D1711}.Release|Any CPU.Build.0 = Release|Any CPU
		{C6934088-6C63-79C1-C581-599B4EF20A0B}.Debug|Any CPU.ActiveCfg = Debug|Any CPU
		{C6934088-6C63-79C1-C581-599B4EF20A0B}.Debug|Any CPU.Build.0 = Debug|Any CPU
		{C6934088-6C63-79C1-C581-599B4EF20A0B}.Release|Any CPU.ActiveCfg = Release|Any CPU
		{C6934088-6C63-79C1-C581-599B4EF20A0B}.Release|Any CPU.Build.0 = Release|Any CPU
		{038161C3-9EB2-F1D0-A1BE-4411617A819F}.Debug|Any CPU.ActiveCfg = Debug|Any CPU
		{038161C3-9EB2-F1D0-A1BE-4411617A819F}.Debug|Any CPU.Build.0 = Debug|Any CPU
		{038161C3-9EB2-F1D0-A1BE-4411617A819F}.Release|Any CPU.ActiveCfg = Release|Any CPU
		{038161C3-9EB2-F1D0-A1BE-4411617A819F}.Release|Any CPU.Build.0 = Release|Any CPU
		{80E5014C-4531-2A54-B1DC-61051B270F95}.Debug|Any CPU.ActiveCfg = Debug|Any CPU
		{80E5014C-4531-2A54-B1DC-61051B270F95}.Debug|Any CPU.Build.0 = Debug|Any CPU
		{80E5014C-4531-2A54-B1DC-61051B270F95}.Release|Any CPU.ActiveCfg = Release|Any CPU
		{80E5014C-4531-2A54-B1DC-61051B270F95}.Release|Any CPU.Build.0 = Release|Any CPU
		{3C092B4E-90F7-2A72-1C9F-EABA84A2B257}.Debug|Any CPU.ActiveCfg = Debug|Any CPU
		{3C092B4E-90F7-2A72-1C9F-EABA84A2B257}.Debug|Any CPU.Build.0 = Debug|Any CPU
		{3C092B4E-90F7-2A72-1C9F-EABA84A2B257}.Release|Any CPU.ActiveCfg = Release|Any CPU
		{3C092B4E-90F7-2A72-1C9F-EABA84A2B257}.Release|Any CPU.Build.0 = Release|Any CPU
		{719C6E6D-47E0-7107-6B4E-41E93BD06C70}.Debug|Any CPU.ActiveCfg = Debug|Any CPU
		{719C6E6D-47E0-7107-6B4E-41E93BD06C70}.Debug|Any CPU.Build.0 = Debug|Any CPU
		{719C6E6D-47E0-7107-6B4E-41E93BD06C70}.Release|Any CPU.ActiveCfg = Release|Any CPU
		{719C6E6D-47E0-7107-6B4E-41E93BD06C70}.Release|Any CPU.Build.0 = Release|Any CPU
		{914494D6-CDBD-9D51-0B29-48B8250005A7}.Debug|Any CPU.ActiveCfg = Debug|Any CPU
		{914494D6-CDBD-9D51-0B29-48B8250005A7}.Debug|Any CPU.Build.0 = Debug|Any CPU
		{914494D6-CDBD-9D51-0B29-48B8250005A7}.Release|Any CPU.ActiveCfg = Release|Any CPU
		{914494D6-CDBD-9D51-0B29-48B8250005A7}.Release|Any CPU.Build.0 = Release|Any CPU
		{9205975C-888D-E215-8472-F0D212A74FBE}.Debug|Any CPU.ActiveCfg = Debug|Any CPU
		{9205975C-888D-E215-8472-F0D212A74FBE}.Debug|Any CPU.Build.0 = Debug|Any CPU
		{9205975C-888D-E215-8472-F0D212A74FBE}.Release|Any CPU.ActiveCfg = Release|Any CPU
		{9205975C-888D-E215-8472-F0D212A74FBE}.Release|Any CPU.Build.0 = Release|Any CPU
		{7B982208-F5E2-2CC4-34B1-B6D05037E162}.Debug|Any CPU.ActiveCfg = Debug|Any CPU
		{7B982208-F5E2-2CC4-34B1-B6D05037E162}.Debug|Any CPU.Build.0 = Debug|Any CPU
		{7B982208-F5E2-2CC4-34B1-B6D05037E162}.Release|Any CPU.ActiveCfg = Release|Any CPU
		{7B982208-F5E2-2CC4-34B1-B6D05037E162}.Release|Any CPU.Build.0 = Release|Any CPU
		{F11B166E-6B7D-E58F-26EB-7E2E77A00A33}.Debug|Any CPU.ActiveCfg = Debug|Any CPU
		{F11B166E-6B7D-E58F-26EB-7E2E77A00A33}.Debug|Any CPU.Build.0 = Debug|Any CPU
		{F11B166E-6B7D-E58F-26EB-7E2E77A00A33}.Release|Any CPU.ActiveCfg = Release|Any CPU
		{F11B166E-6B7D-E58F-26EB-7E2E77A00A33}.Release|Any CPU.Build.0 = Release|Any CPU
		{0BFF4962-F288-0D83-2ADB-6DD2F6D2F20C}.Debug|Any CPU.ActiveCfg = Debug|Any CPU
		{0BFF4962-F288-0D83-2ADB-6DD2F6D2F20C}.Debug|Any CPU.Build.0 = Debug|Any CPU
		{0BFF4962-F288-0D83-2ADB-6DD2F6D2F20C}.Release|Any CPU.ActiveCfg = Release|Any CPU
		{0BFF4962-F288-0D83-2ADB-6DD2F6D2F20C}.Release|Any CPU.Build.0 = Release|Any CPU
		{F147C747-071A-1850-2823-B0BDB936F954}.Debug|Any CPU.ActiveCfg = Debug|Any CPU
		{F147C747-071A-1850-2823-B0BDB936F954}.Debug|Any CPU.Build.0 = Debug|Any CPU
		{F147C747-071A-1850-2823-B0BDB936F954}.Release|Any CPU.ActiveCfg = Release|Any CPU
		{F147C747-071A-1850-2823-B0BDB936F954}.Release|Any CPU.Build.0 = Release|Any CPU
		{65672604-AB56-066F-6BE3-5C974DB57317}.Debug|Any CPU.ActiveCfg = Debug|Any CPU
		{65672604-AB56-066F-6BE3-5C974DB57317}.Debug|Any CPU.Build.0 = Debug|Any CPU
		{65672604-AB56-066F-6BE3-5C974DB57317}.Release|Any CPU.ActiveCfg = Release|Any CPU
		{65672604-AB56-066F-6BE3-5C974DB57317}.Release|Any CPU.Build.0 = Release|Any CPU
		{F5EB9D8B-8DDB-7EAE-BCF9-030353EBD57C}.Debug|Any CPU.ActiveCfg = Debug|Any CPU
		{F5EB9D8B-8DDB-7EAE-BCF9-030353EBD57C}.Debug|Any CPU.Build.0 = Debug|Any CPU
		{F5EB9D8B-8DDB-7EAE-BCF9-030353EBD57C}.Release|Any CPU.ActiveCfg = Release|Any CPU
		{F5EB9D8B-8DDB-7EAE-BCF9-030353EBD57C}.Release|Any CPU.Build.0 = Release|Any CPU
		{1DAA10B2-BDA4-44FD-179F-1E658DE2D320}.Debug|Any CPU.ActiveCfg = Debug|Any CPU
		{1DAA10B2-BDA4-44FD-179F-1E658DE2D320}.Debug|Any CPU.Build.0 = Debug|Any CPU
		{1DAA10B2-BDA4-44FD-179F-1E658DE2D320}.Release|Any CPU.ActiveCfg = Release|Any CPU
		{1DAA10B2-BDA4-44FD-179F-1E658DE2D320}.Release|Any CPU.Build.0 = Release|Any CPU
		{A9BF1AE6-F6D5-F8C4-6B9A-5A8A2169756B}.Debug|Any CPU.ActiveCfg = Debug|Any CPU
		{A9BF1AE6-F6D5-F8C4-6B9A-5A8A2169756B}.Debug|Any CPU.Build.0 = Debug|Any CPU
		{A9BF1AE6-F6D5-F8C4-6B9A-5A8A2169756B}.Release|Any CPU.ActiveCfg = Release|Any CPU
		{A9BF1AE6-F6D5-F8C4-6B9A-5A8A2169756B}.Release|Any CPU.Build.0 = Release|Any CPU
		{65D5924D-DA81-A623-0F5A-4D18C721EED4}.Debug|Any CPU.ActiveCfg = Debug|Any CPU
		{65D5924D-DA81-A623-0F5A-4D18C721EED4}.Debug|Any CPU.Build.0 = Debug|Any CPU
		{65D5924D-DA81-A623-0F5A-4D18C721EED4}.Release|Any CPU.ActiveCfg = Release|Any CPU
		{65D5924D-DA81-A623-0F5A-4D18C721EED4}.Release|Any CPU.Build.0 = Release|Any CPU
	EndGlobalSection
	GlobalSection(SolutionProperties) = preSolution
		HideSolutionNode = FALSE
	EndGlobalSection
EndGlobal
